
Microsoft Visual Studio Solution File, Format Version 12.00
# Visual Studio Version 17
VisualStudioVersion = 17.0.31903.59
MinimumVisualStudioVersion = 10.0.40219.1
Project("{FAE04EC0-301F-11D3-BF4B-00C04F79EFBC}") = "Easygym.Api", "Easygym.Api\Easygym.Api.csproj", "{851B9019-1903-4D27-B1D0-5918F436BA88}"
EndProject
Project("{FAE04EC0-301F-11D3-BF4B-00C04F79EFBC}") = "Easygym.Application", "Easygym.Application\Easygym.Application.csproj", "{2CEFD2F9-F807-4C5C-99CB-E71174379FAC}"
EndProject
Project("{FAE04EC0-301F-11D3-BF4B-00C04F79EFBC}") = "Easygym.Domain", "Easygym.Domain\Easygym.Domain.csproj", "{CA2A6470-F2CF-410B-A9D9-875A0A67AC54}"
EndProject
Project("{FAE04EC0-301F-11D3-BF4B-00C04F79EFBC}") = "Easygym.Infrastructure", "Easygym.Infrastructure\Easygym.Infrastructure.csproj", "{8276D986-D0E9-4FE5-BD53-9E3809EE334D}"
EndProject
Global
	GlobalSection(SolutionConfigurationPlatforms) = preSolution
		Debug|Any CPU = Debug|Any CPU
		Release|Any CPU = Release|Any CPU
	EndGlobalSection
	GlobalSection(SolutionProperties) = preSolution
		HideSolutionNode = FALSE
	EndGlobalSection
	GlobalSection(ProjectConfigurationPlatforms) = postSolution
		{851B9019-1903-4D27-B1D0-5918F436BA88}.Debug|Any CPU.ActiveCfg = Debug|Any CPU
		{851B9019-1903-4D27-B1D0-5918F436BA88}.Debug|Any CPU.Build.0 = Debug|Any CPU
		{851B9019-1903-4D27-B1D0-5918F436BA88}.Release|Any CPU.ActiveCfg = Release|Any CPU
		{851B9019-1903-4D27-B1D0-5918F436BA88}.Release|Any CPU.Build.0 = Release|Any CPU
		{2CEFD2F9-F807-4C5C-99CB-E71174379FAC}.Debug|Any CPU.ActiveCfg = Debug|Any CPU
		{2CEFD2F9-F807-4C5C-99CB-E71174379FAC}.Debug|Any CPU.Build.0 = Debug|Any CPU
		{2CEFD2F9-F807-4C5C-99CB-E71174379FAC}.Release|Any CPU.ActiveCfg = Release|Any CPU
		{2CEFD2F9-F807-4C5C-99CB-E71174379FAC}.Release|Any CPU.Build.0 = Release|Any CPU
		{CA2A6470-F2CF-410B-A9D9-875A0A67AC54}.Debug|Any CPU.ActiveCfg = Debug|Any CPU
		{CA2A6470-F2CF-410B-A9D9-875A0A67AC54}.Debug|Any CPU.Build.0 = Debug|Any CPU
		{CA2A6470-F2CF-410B-A9D9-875A0A67AC54}.Release|Any CPU.ActiveCfg = Release|Any CPU
		{CA2A6470-F2CF-410B-A9D9-875A0A67AC54}.Release|Any CPU.Build.0 = Release|Any CPU
		{8276D986-D0E9-4FE5-BD53-9E3809EE334D}.Debug|Any CPU.ActiveCfg = Debug|Any CPU
		{8276D986-D0E9-4FE5-BD53-9E3809EE334D}.Debug|Any CPU.Build.0 = Debug|Any CPU
		{8276D986-D0E9-4FE5-BD53-9E3809EE334D}.Release|Any CPU.ActiveCfg = Release|Any CPU
		{8276D986-D0E9-4FE5-BD53-9E3809EE334D}.Release|Any CPU.Build.0 = Release|Any CPU
	EndGlobalSection
EndGlobal
